{
  "nodes": {
    "fenix": {
      "inputs": {
        "nixpkgs": [
          "nixpkgs"
        ],
        "rust-analyzer-src": "rust-analyzer-src"
      },
      "locked": {
        "lastModified": 1744958318,
        "narHash": "sha256-L0a9BKIgHAD9mqum0VoXjBUDwnCV16/Q1AQg3a8cEnw=",
        "owner": "nix-community",
        "repo": "fenix",
        "rev": "4cc256372df88f061c5156b8ca4ed6d5b01fb1a7",
        "type": "github"
      },
      "original": {
        "owner": "nix-community",
        "repo": "fenix",
        "type": "github"
      }
    },
    "flake-utils": {
      "inputs": {
        "systems": "systems"
      },
      "locked": {
        "lastModified": 1705309234,
        "narHash": "sha256-uNRRNRKmJyCRC/8y1RqBkqWBLM034y4qN7EprSdmgyA=",
        "owner": "numtide",
        "repo": "flake-utils",
        "rev": "1ef2e671c3b0c19053962c07dbda38332dcebf26",
        "type": "github"
      },
      "original": {
        "owner": "numtide",
        "repo": "flake-utils",
        "type": "github"
      }
    },
    "naersk": {
      "inputs": {
        "nixpkgs": [
          "nixpkgs"
        ]
      },
      "locked": {
        "lastModified": 1743800763,
        "narHash": "sha256-YFKV+fxEpMgP5VsUcM6Il28lI0NlpM7+oB1XxbBAYCw=",
        "owner": "nix-community",
        "repo": "naersk",
        "rev": "ed0232117731a4c19d3ee93aa0c382a8fe754b01",
        "type": "github"
      },
      "original": {
        "owner": "nix-community",
        "repo": "naersk",
        "type": "github"
      }
    },
    "nitro-util": {
      "inputs": {
        "flake-utils": "flake-utils",
        "nixpkgs": [
          "nixpkgs"
        ]
      },
      "locked": {
        "lastModified": 1727353784,
        "narHash": "sha256-OpxNvShY8MMlFFGg1cZZsEupph+zncXgfh3SImFCjH4=",
        "owner": "monzo",
        "repo": "aws-nitro-util",
        "rev": "7d755578b0b0b9850c0d7c4738a6c8daf3ff55c0",
        "type": "github"
      },
      "original": {
        "owner": "monzo",
        "repo": "aws-nitro-util",
        "type": "github"
      }
    },
    "nixpkgs": {
      "locked": {
        "lastModified": 1744917357,
        "narHash": "sha256-1Sj8MToixDwakJYNMYBS/PYbg8Oa4CAxreXraMHB5qg=",
        "owner": "NixOS",
        "repo": "nixpkgs",
        "rev": "1eae3268880484be84199bdb77941c09bb4a97ba",
        "type": "github"
      },
      "original": {
        "owner": "NixOS",
        "ref": "release-24.11",
        "repo": "nixpkgs",
        "type": "github"
      }
    },
    "root": {
      "inputs": {
        "fenix": "fenix",
        "naersk": "naersk",
        "nitro-util": "nitro-util",
        "nixpkgs": "nixpkgs"
      }
    },
    "rust-analyzer-src": {
      "flake": false,
      "locked": {
        "lastModified": 1744878314,
        "narHash": "sha256-iPHZkar3ebiF0rT6VLorSXIQCG7kAOmAsfuTahCzgS8=",
        "owner": "rust-lang",
        "repo": "rust-analyzer",
        "rev": "ed737b545e8db5d9c78fcaba73baed0f34e5b3f8",
        "type": "github"
      },
      "original": {
        "owner": "rust-lang",
        "ref": "nightly",
        "repo": "rust-analyzer",
        "type": "github"
      }
    },
    "systems": {
      "locked": {
        "lastModified": 1681028828,
        "narHash": "sha256-Vy1rq5AaRuLzOxct8nz4T6wlgyUR7zLU309k9mBC768=",
        "owner": "nix-systems",
        "repo": "default",
        "rev": "da67096a3b9bf56a91d16901293e51ba5b49a27e",
        "type": "github"
      },
      "original": {
        "owner": "nix-systems",
        "repo": "default",
        "type": "github"
      }
    }
  },
  "root": "root",
  "version": 7
}
